
Microsoft Visual Studio Solution File, Format Version 12.00
# Visual Studio Version 17
VisualStudioVersion = 17.9.34607.119
MinimumVisualStudioVersion = 10.0.40219.1
Project("{9A19103F-16F7-4668-BE54-9A1E7A4F7556}") = "TaskTracker", "TaskTracker.Web\TaskTracker.csproj", "{C1236F04-7D3B-47F9-9DB3-65D4E8957880}"
EndProject
Project("{2150E333-8FDC-42A3-9474-1A3956D46DE8}") = "Solution Items", "Solution Items", "{849D0F53-236E-4C4B-AFBA-6DD074A833C4}"
	ProjectSection(SolutionItems) = preProject
		docker-compose.yml = docker-compose.yml
	EndProjectSection
EndProject
Project("{FAE04EC0-301F-11D3-BF4B-00C04F79EFBC}") = "TaskTracker.KafkaConsumer", "TaskTracker.KafkaConsumer\TaskTracker.KafkaConsumer.csproj", "{AF5108B3-BC62-4209-AD74-A8DCE3F439B0}"
EndProject
Global
	GlobalSection(SolutionConfigurationPlatforms) = preSolution
		Debug|Any CPU = Debug|Any CPU
		Release|Any CPU = Release|Any CPU
	EndGlobalSection
	GlobalSection(ProjectConfigurationPlatforms) = postSolution
		{C1236F04-7D3B-47F9-9DB3-65D4E8957880}.Debug|Any CPU.ActiveCfg = Debug|Any CPU
		{C1236F04-7D3B-47F9-9DB3-65D4E8957880}.Debug|Any CPU.Build.0 = Debug|Any CPU
		{C1236F04-7D3B-47F9-9DB3-65D4E8957880}.Release|Any CPU.ActiveCfg = Release|Any CPU
		{C1236F04-7D3B-47F9-9DB3-65D4E8957880}.Release|Any CPU.Build.0 = Release|Any CPU
		{AF5108B3-BC62-4209-AD74-A8DCE3F439B0}.Debug|Any CPU.ActiveCfg = Debug|Any CPU
		{AF5108B3-BC62-4209-AD74-A8DCE3F439B0}.Debug|Any CPU.Build.0 = Debug|Any CPU
		{AF5108B3-BC62-4209-AD74-A8DCE3F439B0}.Release|Any CPU.ActiveCfg = Release|Any CPU
		{AF5108B3-BC62-4209-AD74-A8DCE3F439B0}.Release|Any CPU.Build.0 = Release|Any CPU
	EndGlobalSection
	GlobalSection(SolutionProperties) = preSolution
		HideSolutionNode = FALSE
	EndGlobalSection
	GlobalSection(ExtensibilityGlobals) = postSolution
		SolutionGuid = {4139E06A-CDF8-4943-BA6D-201587A0F48E}
	EndGlobalSection
EndGlobal
